Microsoft Visual Studio Solution File, Format Version 11.00
# Visual Studio 2008

Project("{06AEF145-5893-812D-6ED8-B77F44AB0437}") = "DSim", "Assembly-CSharp-firstpass.csproj", "{732309E7-9187-B03B-11A5-54B536DFE176}"
EndProject
Project("{06AEF145-5893-812D-6ED8-B77F44AB0437}") = "DSim", "Assembly-CSharp.csproj", "{FF3AA3D0-C14E-79CF-67ED-1DA9AB832505}"
EndProject
Project("{06AEF145-5893-812D-6ED8-B77F44AB0437}") = "DSim", "Assembly-CSharp-Editor.csproj", "{DFE88220-B3D3-A24E-1F0E-B9799DCDFDC5}"
EndProject
Project("{06AEF145-5893-812D-6ED8-B77F44AB0437}") = "DSim", "Assembly-UnityScript-firstpass.unityproj", "{059B59F3-F791-B2FD-FAAA-419B5F48A039}"
EndProject
Global
	GlobalSection(SolutionConfigurationPlatforms) = preSolution
		Debug|Any CPU = Debug|Any CPU
		Release|Any CPU = Release|Any CPU
	EndGlobalSection
	GlobalSection(ProjectConfigurationPlatforms) = postSolution
		{732309E7-9187-B03B-11A5-54B536DFE176}.Debug|Any CPU.ActiveCfg = Debug|Any CPU
		{732309E7-9187-B03B-11A5-54B536DFE176}.Debug|Any CPU.Build.0 = Debug|Any CPU
		{732309E7-9187-B03B-11A5-54B536DFE176}.Release|Any CPU.ActiveCfg = Release|Any CPU
		{732309E7-9187-B03B-11A5-54B536DFE176}.Release|Any CPU.Build.0 = Release|Any CPU
		{FF3AA3D0-C14E-79CF-67ED-1DA9AB832505}.Debug|Any CPU.ActiveCfg = Debug|Any CPU
		{FF3AA3D0-C14E-79CF-67ED-1DA9AB832505}.Debug|Any CPU.Build.0 = Debug|Any CPU
		{FF3AA3D0-C14E-79CF-67ED-1DA9AB832505}.Release|Any CPU.ActiveCfg = Release|Any CPU
		{FF3AA3D0-C14E-79CF-67ED-1DA9AB832505}.Release|Any CPU.Build.0 = Release|Any CPU
		{DFE88220-B3D3-A24E-1F0E-B9799DCDFDC5}.Debug|Any CPU.ActiveCfg = Debug|Any CPU
		{DFE88220-B3D3-A24E-1F0E-B9799DCDFDC5}.Debug|Any CPU.Build.0 = Debug|Any CPU
		{DFE88220-B3D3-A24E-1F0E-B9799DCDFDC5}.Release|Any CPU.ActiveCfg = Release|Any CPU
		{DFE88220-B3D3-A24E-1F0E-B9799DCDFDC5}.Release|Any CPU.Build.0 = Release|Any CPU
		{059B59F3-F791-B2FD-FAAA-419B5F48A039}.Debug|Any CPU.ActiveCfg = Debug|Any CPU
		{059B59F3-F791-B2FD-FAAA-419B5F48A039}.Debug|Any CPU.Build.0 = Debug|Any CPU
		{059B59F3-F791-B2FD-FAAA-419B5F48A039}.Release|Any CPU.ActiveCfg = Release|Any CPU
		{059B59F3-F791-B2FD-FAAA-419B5F48A039}.Release|Any CPU.Build.0 = Release|Any CPU
	EndGlobalSection
	GlobalSection(SolutionProperties) = preSolution
		HideSolutionNode = FALSE
	EndGlobalSection
																																																																																																																																																																															GlobalSection(MonoDevelopProperties) = preSolution
		StartupItem = Assembly-CSharp.csproj
		Policies = $0
		$0.TextStylePolicy = $1
		$1.inheritsSet = null
		$1.scope = text/x-csharp
		$0.CSharpFormattingPolicy = $2
		$2.inheritsSet = Mono
		$2.inheritsScope = text/x-csharp
		$2.scope = text/x-csharp
		$0.TextStylePolicy = $3
		$3.FileWidth = 120
		$3.TabWidth = 4
		$3.EolMarker = Unix
		$3.inheritsSet = Mono
		$3.inheritsScope = text/plain
		$3.scope = text/plain
	EndGlobalSection

EndGlobal
